
Microsoft Visual Studio Solution File, Format Version 12.00
# Visual Studio Version 16
VisualStudioVersion = 16.0.30204.135
MinimumVisualStudioVersion = 10.0.40219.1
Project("{9A19103F-16F7-4668-BE54-9A1E7A4F7556}") = "API", "E-Commerce\API.csproj", "{FD03CEDA-421E-441F-872C-9D57935D9F88}"
EndProject
Project("{9A19103F-16F7-4668-BE54-9A1E7A4F7556}") = "Core", "Core\Core.csproj", "{358F433E-F4E0-4A2B-8B1F-DC2B33F8C006}"
EndProject
Project("{9A19103F-16F7-4668-BE54-9A1E7A4F7556}") = "Infastructure", "Infastructure\Infastructure.csproj", "{CD1D628C-BED6-461F-8D6A-8B9809E823F2}"
EndProject
Global
	GlobalSection(SolutionConfigurationPlatforms) = preSolution
		Debug|Any CPU = Debug|Any CPU
		Release|Any CPU = Release|Any CPU
	EndGlobalSection
	GlobalSection(ProjectConfigurationPlatforms) = postSolution
		{FD03CEDA-421E-441F-872C-9D57935D9F88}.Debug|Any CPU.ActiveCfg = Debug|Any CPU
		{FD03CEDA-421E-441F-872C-9D57935D9F88}.Debug|Any CPU.Build.0 = Debug|Any CPU
		{FD03CEDA-421E-441F-872C-9D57935D9F88}.Release|Any CPU.ActiveCfg = Release|Any CPU
		{FD03CEDA-421E-441F-872C-9D57935D9F88}.Release|Any CPU.Build.0 = Release|Any CPU
		{358F433E-F4E0-4A2B-8B1F-DC2B33F8C006}.Debug|Any CPU.ActiveCfg = Debug|Any CPU
		{358F433E-F4E0-4A2B-8B1F-DC2B33F8C006}.Debug|Any CPU.Build.0 = Debug|Any CPU
		{358F433E-F4E0-4A2B-8B1F-DC2B33F8C006}.Release|Any CPU.ActiveCfg = Release|Any CPU
		{358F433E-F4E0-4A2B-8B1F-DC2B33F8C006}.Release|Any CPU.Build.0 = Release|Any CPU
		{CD1D628C-BED6-461F-8D6A-8B9809E823F2}.Debug|Any CPU.ActiveCfg = Debug|Any CPU
		{CD1D628C-BED6-461F-8D6A-8B9809E823F2}.Debug|Any CPU.Build.0 = Debug|Any CPU
		{CD1D628C-BED6-461F-8D6A-8B9809E823F2}.Release|Any CPU.ActiveCfg = Release|Any CPU
		{CD1D628C-BED6-461F-8D6A-8B9809E823F2}.Release|Any CPU.Build.0 = Release|Any CPU
	EndGlobalSection
	GlobalSection(SolutionProperties) = preSolution
		HideSolutionNode = FALSE
	EndGlobalSection
	GlobalSection(ExtensibilityGlobals) = postSolution
		SolutionGuid = {58053AF9-B95D-46DB-9E62-32F0D012F51B}
	EndGlobalSection
EndGlobal
